
Microsoft Visual Studio Solution File, Format Version 12.00
# Visual Studio Version 17
VisualStudioVersion = 17.3.32929.385
MinimumVisualStudioVersion = 10.0.40219.1
Project("{FAE04EC0-301F-11D3-BF4B-00C04F79EFBC}") = "WindowsFormsApp1", "WindowsFormsApp1\WindowsFormsApp1.csproj", "{847ADE93-F7F6-4F7F-ABAD-BC5B84E3E3D9}"
EndProject
Global
	GlobalSection(SolutionConfigurationPlatforms) = preSolution
		Debug|Any CPU = Debug|Any CPU
		Release|Any CPU = Release|Any CPU
	EndGlobalSection
	GlobalSection(ProjectConfigurationPlatforms) = postSolution
		{847ADE93-F7F6-4F7F-ABAD-BC5B84E3E3D9}.Debug|Any CPU.ActiveCfg = Debug|Any CPU
		{847ADE93-F7F6-4F7F-ABAD-BC5B84E3E3D9}.Debug|Any CPU.Build.0 = Debug|Any CPU
		{847ADE93-F7F6-4F7F-ABAD-BC5B84E3E3D9}.Release|Any CPU.ActiveCfg = Release|Any CPU
		{847ADE93-F7F6-4F7F-ABAD-BC5B84E3E3D9}.Release|Any CPU.Build.0 = Release|Any CPU
	EndGlobalSection
	GlobalSection(SolutionProperties) = preSolution
		HideSolutionNode = FALSE
	EndGlobalSection
	GlobalSection(ExtensibilityGlobals) = postSolution
		SolutionGuid = {3C8B8248-DF66-4CEA-8511-4322123AB6A6}
	EndGlobalSection
EndGlobal
